
Microsoft Visual Studio Solution File, Format Version 12.00
# Visual Studio 2013
VisualStudioVersion = 12.0.31101.0
MinimumVisualStudioVersion = 10.0.40219.1
Project("{FAE04EC0-301F-11D3-BF4B-00C04F79EFBC}") = "NewHelpDesk", "NewHelpDesk\NewHelpDesk.csproj", "{33E573E8-ADFD-416B-BD08-DBCDDB2BABAC}"
EndProject
Project("{FAE04EC0-301F-11D3-BF4B-00C04F79EFBC}") = "NewHelpDesk.DAL", "NewHelpDesk.DAL\NewHelpDesk.DAL.csproj", "{AEE1C333-FE45-4974-BDF1-2E152FC4921B}"
EndProject
Global
	GlobalSection(SolutionConfigurationPlatforms) = preSolution
		Debug|Any CPU = Debug|Any CPU
		Release|Any CPU = Release|Any CPU
	EndGlobalSection
	GlobalSection(ProjectConfigurationPlatforms) = postSolution
		{33E573E8-ADFD-416B-BD08-DBCDDB2BABAC}.Debug|Any CPU.ActiveCfg = Debug|Any CPU
		{33E573E8-ADFD-416B-BD08-DBCDDB2BABAC}.Debug|Any CPU.Build.0 = Debug|Any CPU
		{33E573E8-ADFD-416B-BD08-DBCDDB2BABAC}.Release|Any CPU.ActiveCfg = Release|Any CPU
		{33E573E8-ADFD-416B-BD08-DBCDDB2BABAC}.Release|Any CPU.Build.0 = Release|Any CPU
		{AEE1C333-FE45-4974-BDF1-2E152FC4921B}.Debug|Any CPU.ActiveCfg = Debug|Any CPU
		{AEE1C333-FE45-4974-BDF1-2E152FC4921B}.Debug|Any CPU.Build.0 = Debug|Any CPU
		{AEE1C333-FE45-4974-BDF1-2E152FC4921B}.Release|Any CPU.ActiveCfg = Release|Any CPU
		{AEE1C333-FE45-4974-BDF1-2E152FC4921B}.Release|Any CPU.Build.0 = Release|Any CPU
	EndGlobalSection
	GlobalSection(SolutionProperties) = preSolution
		HideSolutionNode = FALSE
	EndGlobalSection
EndGlobal
